// !$*UTF8*$!
{
	archiveVersion = 1;
	classes = {
	};
	objectVersion = 55;
	objects = {

/* Begin PBXBuildFile section */
		9B58D4AC2704CE72009B2E00 /* JournalClubChallenge_1App.swift in Sources */ = {isa = PBXBuildFile; fileRef = 9B58D4AB2704CE72009B2E00 /* JournalClubChallenge_1App.swift */; };
		9B58D4AE2704CE72009B2E00 /* ContentView.swift in Sources */ = {isa = PBXBuildFile; fileRef = 9B58D4AD2704CE72009B2E00 /* ContentView.swift */; };
		9B58D4B02704CE74009B2E00 /* Assets.xcassets in Resources */ = {isa = PBXBuildFile; fileRef = 9B58D4AF2704CE74009B2E00 /* Assets.xcassets */; };
		9B58D4B32704CE74009B2E00 /* Preview Assets.xcassets in Resources */ = {isa = PBXBuildFile; fileRef = 9B58D4B22704CE74009B2E00 /* Preview Assets.xcassets */; };
		9B58D4BD2704CE75009B2E00 /* JournalClubChallenge_1Tests.swift in Sources */ = {isa = PBXBuildFile; fileRef = 9B58D4BC2704CE75009B2E00 /* JournalClubChallenge_1Tests.swift */; };
		9B58D4C72704CE75009B2E00 /* JournalClubChallenge_1UITests.swift in Sources */ = {isa = PBXBuildFile; fileRef = 9B58D4C62704CE75009B2E00 /* JournalClubChallenge_1UITests.swift */; };
		9B58D4C92704CE75009B2E00 /* JournalClubChallenge_1UITestsLaunchTests.swift in Sources */ = {isa = PBXBuildFile; fileRef = 9B58D4C82704CE75009B2E00 /* JournalClubChallenge_1UITestsLaunchTests.swift */; };
		9B58D4D62704D362009B2E00 /* TrackerView.swift in Sources */ = {isa = PBXBuildFile; fileRef = 9B58D4D52704D361009B2E00 /* TrackerView.swift */; };
		9B58D4D82704D584009B2E00 /* TimeArc.swift in Sources */ = {isa = PBXBuildFile; fileRef = 9B58D4D72704D584009B2E00 /* TimeArc.swift */; };
		9B58D4DA2704E2CE009B2E00 /* ClockView.swift in Sources */ = {isa = PBXBuildFile; fileRef = 9B58D4D92704E2CE009B2E00 /* ClockView.swift */; };
/* End PBXBuildFile section */

/* Begin PBXContainerItemProxy section */
		9B58D4B92704CE75009B2E00 /* PBXContainerItemProxy */ = {
			isa = PBXContainerItemProxy;
			containerPortal = 9B58D4A02704CE72009B2E00 /* Project object */;
			proxyType = 1;
			remoteGlobalIDString = 9B58D4A72704CE72009B2E00;
			remoteInfo = "JournalClubChallenge-1";
		};
		9B58D4C32704CE75009B2E00 /* PBXContainerItemProxy */ = {
			isa = PBXContainerItemProxy;
			containerPortal = 9B58D4A02704CE72009B2E00 /* Project object */;
			proxyType = 1;
			remoteGlobalIDString = 9B58D4A72704CE72009B2E00;
			remoteInfo = "JournalClubChallenge-1";
		};
/* End PBXContainerItemProxy section */

/* Begin PBXFileReference section */
		9B58D4A82704CE72009B2E00 /* JournalClubChallenge-1.app */ = {isa = PBXFileReference; explicitFileType = wrapper.application; includeInIndex = 0; path = "JournalClubChallenge-1.app"; sourceTree = BUILT_PRODUCTS_DIR; };
		9B58D4AB2704CE72009B2E00 /* JournalClubChallenge_1App.swift */ = {isa = PBXFileReference; lastKnownFileType = sourcecode.swift; path = JournalClubChallenge_1App.swift; sourceTree = "<group>"; };
		9B58D4AD2704CE72009B2E00 /* ContentView.swift */ = {isa = PBXFileReference; lastKnownFileType = sourcecode.swift; path = ContentView.swift; sourceTree = "<group>"; };
		9B58D4AF2704CE74009B2E00 /* Assets.xcassets */ = {isa = PBXFileReference; lastKnownFileType = folder.assetcatalog; path = Assets.xcassets; sourceTree = "<group>"; };
		9B58D4B22704CE74009B2E00 /* Preview Assets.xcassets */ = {isa = PBXFileReference; lastKnownFileType = folder.assetcatalog; path = "Preview Assets.xcassets"; sourceTree = "<group>"; };
		9B58D4B82704CE75009B2E00 /* JournalClubChallenge-1Tests.xctest */ = {isa = PBXFileReference; explicitFileType = wrapper.cfbundle; includeInIndex = 0; path = "JournalClubChallenge-1Tests.xctest"; sourceTree = BUILT_PRODUCTS_DIR; };
		9B58D4BC2704CE75009B2E00 /* JournalClubChallenge_1Tests.swift */ = {isa = PBXFileReference; lastKnownFileType = sourcecode.swift; path = JournalClubChallenge_1Tests.swift; sourceTree = "<group>"; };
		9B58D4C22704CE75009B2E00 /* JournalClubChallenge-1UITests.xctest */ = {isa = PBXFileReference; explicitFileType = wrapper.cfbundle; includeInIndex = 0; path = "JournalClubChallenge-1UITests.xctest"; sourceTree = BUILT_PRODUCTS_DIR; };
		9B58D4C62704CE75009B2E00 /* JournalClubChallenge_1UITests.swift */ = {isa = PBXFileReference; lastKnownFileType = sourcecode.swift; path = JournalClubChallenge_1UITests.swift; sourceTree = "<group>"; };
		9B58D4C82704CE75009B2E00 /* JournalClubChallenge_1UITestsLaunchTests.swift */ = {isa = PBXFileReference; lastKnownFileType = sourcecode.swift; path = JournalClubChallenge_1UITestsLaunchTests.swift; sourceTree = "<group>"; };
		9B58D4D52704D361009B2E00 /* TrackerView.swift */ = {isa = PBXFileReference; lastKnownFileType = sourcecode.swift; path = TrackerView.swift; sourceTree = "<group>"; };
		9B58D4D72704D584009B2E00 /* TimeArc.swift */ = {isa = PBXFileReference; lastKnownFileType = sourcecode.swift; path = TimeArc.swift; sourceTree = "<group>"; };
		9B58D4D92704E2CE009B2E00 /* ClockView.swift */ = {isa = PBXFileReference; lastKnownFileType = sourcecode.swift; path = ClockView.swift; sourceTree = "<group>"; };
/* End PBXFileReference section */

/* Begin PBXFrameworksBuildPhase section */
		9B58D4A52704CE72009B2E00 /* Frameworks */ = {
			isa = PBXFrameworksBuildPhase;
			buildActionMask = 2147483647;
			files = (
			);
			runOnlyForDeploymentPostprocessing = 0;
		};
		9B58D4B52704CE75009B2E00 /* Frameworks */ = {
			isa = PBXFrameworksBuildPhase;
			buildActionMask = 2147483647;
			files = (
			);
			runOnlyForDeploymentPostprocessing = 0;
		};
		9B58D4BF2704CE75009B2E00 /* Frameworks */ = {
			isa = PBXFrameworksBuildPhase;
			buildActionMask = 2147483647;
			files = (
			);
			runOnlyForDeploymentPostprocessing = 0;
		};
/* End PBXFrameworksBuildPhase section */

/* Begin PBXGroup section */
		9B58D49F2704CE72009B2E00 = {
			isa = PBXGroup;
			children = (
				9B58D4AA2704CE72009B2E00 /* JournalClubChallenge-1 */,
				9B58D4BB2704CE75009B2E00 /* JournalClubChallenge-1Tests */,
				9B58D4C52704CE75009B2E00 /* JournalClubChallenge-1UITests */,
				9B58D4A92704CE72009B2E00 /* Products */,
			);
			sourceTree = "<group>";
		};
		9B58D4A92704CE72009B2E00 /* Products */ = {
			isa = PBXGroup;
			children = (
				9B58D4A82704CE72009B2E00 /* JournalClubChallenge-1.app */,
				9B58D4B82704CE75009B2E00 /* JournalClubChallenge-1Tests.xctest */,
				9B58D4C22704CE75009B2E00 /* JournalClubChallenge-1UITests.xctest */,
			);
			name = Products;
			sourceTree = "<group>";
		};
		9B58D4AA2704CE72009B2E00 /* JournalClubChallenge-1 */ = {
			isa = PBXGroup;
			children = (
				9B58D4AB2704CE72009B2E00 /* JournalClubChallenge_1App.swift */,
				9B58D4AD2704CE72009B2E00 /* ContentView.swift */,
				9B58D4D52704D361009B2E00 /* TrackerView.swift */,
				9B58D4D72704D584009B2E00 /* TimeArc.swift */,
				9B58D4D92704E2CE009B2E00 /* ClockView.swift */,
				9B58D4AF2704CE74009B2E00 /* Assets.xcassets */,
				9B58D4B12704CE74009B2E00 /* Preview Content */,
			);
			path = "JournalClubChallenge-1";
			sourceTree = "<group>";
		};
		9B58D4B12704CE74009B2E00 /* Preview Content */ = {
			isa = PBXGroup;
			children = (
				9B58D4B22704CE74009B2E00 /* Preview Assets.xcassets */,
			);
			path = "Preview Content";
			sourceTree = "<group>";
		};
		9B58D4BB2704CE75009B2E00 /* JournalClubChallenge-1Tests */ = {
			isa = PBXGroup;
			children = (
				9B58D4BC2704CE75009B2E00 /* JournalClubChallenge_1Tests.swift */,
			);
			path = "JournalClubChallenge-1Tests";
			sourceTree = "<group>";
		};
		9B58D4C52704CE75009B2E00 /* JournalClubChallenge-1UITests */ = {
			isa = PBXGroup;
			children = (
				9B58D4C62704CE75009B2E00 /* JournalClubChallenge_1UITests.swift */,
				9B58D4C82704CE75009B2E00 /* JournalClubChallenge_1UITestsLaunchTests.swift */,
			);
			path = "JournalClubChallenge-1UITests";
			sourceTree = "<group>";
		};
/* End PBXGroup section */

/* Begin PBXNativeTarget section */
		9B58D4A72704CE72009B2E00 /* JournalClubChallenge-1 */ = {
			isa = PBXNativeTarget;
			buildConfigurationList = 9B58D4CC2704CE75009B2E00 /* Build configuration list for PBXNativeTarget "JournalClubChallenge-1" */;
			buildPhases = (
				9B58D4A42704CE72009B2E00 /* Sources */,
				9B58D4A52704CE72009B2E00 /* Frameworks */,
				9B58D4A62704CE72009B2E00 /* Resources */,
			);
			buildRules = (
			);
			dependencies = (
			);
			name = "JournalClubChallenge-1";
			productName = "JournalClubChallenge-1";
			productReference = 9B58D4A82704CE72009B2E00 /* JournalClubChallenge-1.app */;
			productType = "com.apple.product-type.application";
		};
		9B58D4B72704CE75009B2E00 /* JournalClubChallenge-1Tests */ = {
			isa = PBXNativeTarget;
			buildConfigurationList = 9B58D4CF2704CE75009B2E00 /* Build configuration list for PBXNativeTarget "JournalClubChallenge-1Tests" */;
			buildPhases = (
				9B58D4B42704CE75009B2E00 /* Sources */,
				9B58D4B52704CE75009B2E00 /* Frameworks */,
				9B58D4B62704CE75009B2E00 /* Resources */,
			);
			buildRules = (
			);
			dependencies = (
				9B58D4BA2704CE75009B2E00 /* PBXTargetDependency */,
			);
			name = "JournalClubChallenge-1Tests";
			productName = "JournalClubChallenge-1Tests";
			productReference = 9B58D4B82704CE75009B2E00 /* JournalClubChallenge-1Tests.xctest */;
			productType = "com.apple.product-type.bundle.unit-test";
		};
		9B58D4C12704CE75009B2E00 /* JournalClubChallenge-1UITests */ = {
			isa = PBXNativeTarget;
			buildConfigurationList = 9B58D4D22704CE75009B2E00 /* Build configuration list for PBXNativeTarget "JournalClubChallenge-1UITests" */;
			buildPhases = (
				9B58D4BE2704CE75009B2E00 /* Sources */,
				9B58D4BF2704CE75009B2E00 /* Frameworks */,
				9B58D4C02704CE75009B2E00 /* Resources */,
			);
			buildRules = (
			);
			dependencies = (
				9B58D4C42704CE75009B2E00 /* PBXTargetDependency */,
			);
			name = "JournalClubChallenge-1UITests";
			productName = "JournalClubChallenge-1UITests";
			productReference = 9B58D4C22704CE75009B2E00 /* JournalClubChallenge-1UITests.xctest */;
			productType = "com.apple.product-type.bundle.ui-testing";
		};
/* End PBXNativeTarget section */

/* Begin PBXProject section */
		9B58D4A02704CE72009B2E00 /* Project object */ = {
			isa = PBXProject;
			attributes = {
				BuildIndependentTargetsInParallel = 1;
				LastSwiftUpdateCheck = 1300;
				LastUpgradeCheck = 1300;
				TargetAttributes = {
					9B58D4A72704CE72009B2E00 = {
						CreatedOnToolsVersion = 13.0;
					};
					9B58D4B72704CE75009B2E00 = {
						CreatedOnToolsVersion = 13.0;
						TestTargetID = 9B58D4A72704CE72009B2E00;
					};
					9B58D4C12704CE75009B2E00 = {
						CreatedOnToolsVersion = 13.0;
						TestTargetID = 9B58D4A72704CE72009B2E00;
					};
				};
			};
			buildConfigurationList = 9B58D4A32704CE72009B2E00 /* Build configuration list for PBXProject "JournalClubChallenge-1" */;
			compatibilityVersion = "Xcode 13.0";
			developmentRegion = en;
			hasScannedForEncodings = 0;
			knownRegions = (
				en,
				Base,
			);
			mainGroup = 9B58D49F2704CE72009B2E00;
			productRefGroup = 9B58D4A92704CE72009B2E00 /* Products */;
			projectDirPath = "";
			projectRoot = "";
			targets = (
				9B58D4A72704CE72009B2E00 /* JournalClubChallenge-1 */,
				9B58D4B72704CE75009B2E00 /* JournalClubChallenge-1Tests */,
				9B58D4C12704CE75009B2E00 /* JournalClubChallenge-1UITests */,
			);
		};
/* End PBXProject section */

/* Begin PBXResourcesBuildPhase section */
		9B58D4A62704CE72009B2E00 /* Resources */ = {
			isa = PBXResourcesBuildPhase;
			buildActionMask = 2147483647;
			files = (
				9B58D4B32704CE74009B2E00 /* Preview Assets.xcassets in Resources */,
				9B58D4B02704CE74009B2E00 /* Assets.xcassets in Resources */,
			);
			runOnlyForDeploymentPostprocessing = 0;
		};
		9B58D4B62704CE75009B2E00 /* Resources */ = {
			isa = PBXResourcesBuildPhase;
			buildActionMask = 2147483647;
			files = (
			);
			runOnlyForDeploymentPostprocessing = 0;
		};
		9B58D4C02704CE75009B2E00 /* Resources */ = {
			isa = PBXResourcesBuildPhase;
			buildActionMask = 2147483647;
			files = (
			);
			runOnlyForDeploymentPostprocessing = 0;
		};
/* End PBXResourcesBuildPhase section */

/* Begin PBXSourcesBuildPhase section */
		9B58D4A42704CE72009B2E00 /* Sources */ = {
			isa = PBXSourcesBuildPhase;
			buildActionMask = 2147483647;
			files = (
				9B58D4AE2704CE72009B2E00 /* ContentView.swift in Sources */,
				9B58D4DA2704E2CE009B2E00 /* ClockView.swift in Sources */,
				9B58D4D82704D584009B2E00 /* TimeArc.swift in Sources */,
				9B58D4AC2704CE72009B2E00 /* JournalClubChallenge_1App.swift in Sources */,
				9B58D4D62704D362009B2E00 /* TrackerView.swift in Sources */,
			);
			runOnlyForDeploymentPostprocessing = 0;
		};
		9B58D4B42704CE75009B2E00 /* Sources */ = {
			isa = PBXSourcesBuildPhase;
			buildActionMask = 2147483647;
			files = (
				9B58D4BD2704CE75009B2E00 /* JournalClubChallenge_1Tests.swift in Sources */,
			);
			runOnlyForDeploymentPostprocessing = 0;
		};
		9B58D4BE2704CE75009B2E00 /* Sources */ = {
			isa = PBXSourcesBuildPhase;
			buildActionMask = 2147483647;
			files = (
				9B58D4C92704CE75009B2E00 /* JournalClubChallenge_1UITestsLaunchTests.swift in Sources */,
				9B58D4C72704CE75009B2E00 /* JournalClubChallenge_1UITests.swift in Sources */,
			);
			runOnlyForDeploymentPostprocessing = 0;
		};
/* End PBXSourcesBuildPhase section */

/* Begin PBXTargetDependency section */
		9B58D4BA2704CE75009B2E00 /* PBXTargetDependency */ = {
			isa = PBXTargetDependency;
			target = 9B58D4A72704CE72009B2E00 /* JournalClubChallenge-1 */;
			targetProxy = 9B58D4B92704CE75009B2E00 /* PBXContainerItemProxy */;
		};
		9B58D4C42704CE75009B2E00 /* PBXTargetDependency */ = {
			isa = PBXTargetDependency;
			target = 9B58D4A72704CE72009B2E00 /* JournalClubChallenge-1 */;
			targetProxy = 9B58D4C32704CE75009B2E00 /* PBXContainerItemProxy */;
		};
/* End PBXTargetDependency section */

/* Begin XCBuildConfiguration section */
		9B58D4CA2704CE75009B2E00 /* Debug */ = {
			isa = XCBuildConfiguration;
			buildSettings = {
				ALWAYS_SEARCH_USER_PATHS = NO;
				CLANG_ANALYZER_NONNULL = YES;
				CLANG_ANALYZER_NUMBER_OBJECT_CONVERSION = YES_AGGRESSIVE;
				CLANG_CXX_LANGUAGE_STANDARD = "gnu++17";
				CLANG_CXX_LIBRARY = "libc++";
				CLANG_ENABLE_MODULES = YES;
				CLANG_ENABLE_OBJC_ARC = YES;
				CLANG_ENABLE_OBJC_WEAK = YES;
				CLANG_WARN_BLOCK_CAPTURE_AUTORELEASING = YES;
				CLANG_WARN_BOOL_CONVERSION = YES;
				CLANG_WARN_COMMA = YES;
				CLANG_WARN_CONSTANT_CONVERSION = YES;
				CLANG_WARN_DEPRECATED_OBJC_IMPLEMENTATIONS = YES;
				CLANG_WARN_DIRECT_OBJC_ISA_USAGE = YES_ERROR;
				CLANG_WARN_DOCUMENTATION_COMMENTS = YES;
				CLANG_WARN_EMPTY_BODY = YES;
				CLANG_WARN_ENUM_CONVERSION = YES;
				CLANG_WARN_INFINITE_RECURSION = YES;
				CLANG_WARN_INT_CONVERSION = YES;
				CLANG_WARN_NON_LITERAL_NULL_CONVERSION = YES;
				CLANG_WARN_OBJC_IMPLICIT_RETAIN_SELF = YES;
				CLANG_WARN_OBJC_LITERAL_CONVERSION = YES;
				CLANG_WARN_OBJC_ROOT_CLASS = YES_ERROR;
				CLANG_WARN_QUOTED_INCLUDE_IN_FRAMEWORK_HEADER = YES;
				CLANG_WARN_RANGE_LOOP_ANALYSIS = YES;
				CLANG_WARN_STRICT_PROTOTYPES = YES;
				CLANG_WARN_SUSPICIOUS_MOVE = YES;
				CLANG_WARN_UNGUARDED_AVAILABILITY = YES_AGGRESSIVE;
				CLANG_WARN_UNREACHABLE_CODE = YES;
				CLANG_WARN__DUPLICATE_METHOD_MATCH = YES;
				COPY_PHASE_STRIP = NO;
				DEBUG_INFORMATION_FORMAT = dwarf;
				ENABLE_STRICT_OBJC_MSGSEND = YES;
				ENABLE_TESTABILITY = YES;
				GCC_C_LANGUAGE_STANDARD = gnu11;
				GCC_DYNAMIC_NO_PIC = NO;
				GCC_NO_COMMON_BLOCKS = YES;
				GCC_OPTIMIZATION_LEVEL = 0;
				GCC_PREPROCESSOR_DEFINITIONS = (
					"DEBUG=1",
					"$(inherited)",
				);
				GCC_WARN_64_TO_32_BIT_CONVERSION = YES;
				GCC_WARN_ABOUT_RETURN_TYPE = YES_ERROR;
				GCC_WARN_UNDECLARED_SELECTOR = YES;
				GCC_WARN_UNINITIALIZED_AUTOS = YES_AGGRESSIVE;
				GCC_WARN_UNUSED_FUNCTION = YES;
				GCC_WARN_UNUSED_VARIABLE = YES;
				IPHONEOS_DEPLOYMENT_TARGET = 15.0;
				MTL_ENABLE_DEBUG_INFO = INCLUDE_SOURCE;
				MTL_FAST_MATH = YES;
				ONLY_ACTIVE_ARCH = YES;
				SDKROOT = iphoneos;
				SWIFT_ACTIVE_COMPILATION_CONDITIONS = DEBUG;
				SWIFT_OPTIMIZATION_LEVEL = "-Onone";
			};
			name = Debug;
		};
		9B58D4CB2704CE75009B2E00 /* Release */ = {
			isa = XCBuildConfiguration;
			buildSettings = {
				ALWAYS_SEARCH_USER_PATHS = NO;
				CLANG_ANALYZER_NONNULL = YES;
				CLANG_ANALYZER_NUMBER_OBJECT_CONVERSION = YES_AGGRESSIVE;
				CLANG_CXX_LANGUAGE_STANDARD = "gnu++17";
				CLANG_CXX_LIBRARY = "libc++";
				CLANG_ENABLE_MODULES = YES;
				CLANG_ENABLE_OBJC_ARC = YES;
				CLANG_ENABLE_OBJC_WEAK = YES;
				CLANG_WARN_BLOCK_CAPTURE_AUTORELEASING = YES;
				CLANG_WARN_BOOL_CONVERSION = YES;
				CLANG_WARN_COMMA = YES;
				CLANG_WARN_CONSTANT_CONVERSION = YES;
				CLANG_WARN_DEPRECATED_OBJC_IMPLEMENTATIONS = YES;
				CLANG_WARN_DIRECT_OBJC_ISA_USAGE = YES_ERROR;
				CLANG_WARN_DOCUMENTATION_COMMENTS = YES;
				CLANG_WARN_EMPTY_BODY = YES;
				CLANG_WARN_ENUM_CONVERSION = YES;
				CLANG_WARN_INFINITE_RECURSION = YES;
				CLANG_WARN_INT_CONVERSION = YES;
				CLANG_WARN_NON_LITERAL_NULL_CONVERSION = YES;
				CLANG_WARN_OBJC_IMPLICIT_RETAIN_SELF = YES;
				CLANG_WARN_OBJC_LITERAL_CONVERSION = YES;
				CLANG_WARN_OBJC_ROOT_CLASS = YES_ERROR;
				CLANG_WARN_QUOTED_INCLUDE_IN_FRAMEWORK_HEADER = YES;
				CLANG_WARN_RANGE_LOOP_ANALYSIS = YES;
				CLANG_WARN_STRICT_PROTOTYPES = YES;
				CLANG_WARN_SUSPICIOUS_MOVE = YES;
				CLANG_WARN_UNGUARDED_AVAILABILITY = YES_AGGRESSIVE;
				CLANG_WARN_UNREACHABLE_CODE = YES;
				CLANG_WARN__DUPLICATE_METHOD_MATCH = YES;
				COPY_PHASE_STRIP = NO;
				DEBUG_INFORMATION_FORMAT = "dwarf-with-dsym";
				ENABLE_NS_ASSERTIONS = NO;
				ENABLE_STRICT_OBJC_MSGSEND = YES;
				GCC_C_LANGUAGE_STANDARD = gnu11;
				GCC_NO_COMMON_BLOCKS = YES;
				GCC_WARN_64_TO_32_BIT_CONVERSION = YES;
				GCC_WARN_ABOUT_RETURN_TYPE = YES_ERROR;
				GCC_WARN_UNDECLARED_SELECTOR = YES;
				GCC_WARN_UNINITIALIZED_AUTOS = YES_AGGRESSIVE;
				GCC_WARN_UNUSED_FUNCTION = YES;
				GCC_WARN_UNUSED_VARIABLE = YES;
				IPHONEOS_DEPLOYMENT_TARGET = 15.0;
				MTL_ENABLE_DEBUG_INFO = NO;
				MTL_FAST_MATH = YES;
				SDKROOT = iphoneos;
				SWIFT_COMPILATION_MODE = wholemodule;
				SWIFT_OPTIMIZATION_LEVEL = "-O";
				VALIDATE_PRODUCT = YES;
			};
			name = Release;
		};
		9B58D4CD2704CE75009B2E00 /* Debug */ = {
			isa = XCBuildConfiguration;
			buildSettings = {
				ASSETCATALOG_COMPILER_APPICON_NAME = AppIcon;
				ASSETCATALOG_COMPILER_GLOBAL_ACCENT_COLOR_NAME = AccentColor;
				CODE_SIGN_STYLE = Automatic;
				CURRENT_PROJECT_VERSION = 1;
				DEVELOPMENT_ASSET_PATHS = "\"JournalClubChallenge-1/Preview Content\"";
				DEVELOPMENT_TEAM = 96SB47X67B;
				ENABLE_PREVIEWS = YES;
				GENERATE_INFOPLIST_FILE = YES;
				INFOPLIST_KEY_UIApplicationSceneManifest_Generation = YES;
				INFOPLIST_KEY_UIApplicationSupportsIndirectInputEvents = YES;
				INFOPLIST_KEY_UILaunchScreen_Generation = YES;
				INFOPLIST_KEY_UISupportedInterfaceOrientations_iPad = "UIInterfaceOrientationPortrait UIInterfaceOrientationPortraitUpsideDown UIInterfaceOrientationLandscapeLeft UIInterfaceOrientationLandscapeRight";
				INFOPLIST_KEY_UISupportedInterfaceOrientations_iPhone = "UIInterfaceOrientationPortrait UIInterfaceOrientationLandscapeLeft UIInterfaceOrientationLandscapeRight";
				IPHONEOS_DEPLOYMENT_TARGET = 15.0;
				LD_RUNPATH_SEARCH_PATHS = (
					"$(inherited)",
					"@executable_path/Frameworks",
				);
				MARKETING_VERSION = 1.0;
				PRODUCT_BUNDLE_IDENTIFIER = "com.craun.JournalClubChallenge-1";
				PRODUCT_NAME = "$(TARGET_NAME)";
				SWIFT_EMIT_LOC_STRINGS = YES;
				SWIFT_VERSION = 5.0;
				TARGETED_DEVICE_FAMILY = "1,2";
			};
			name = Debug;
		};
		9B58D4CE2704CE75009B2E00 /* Release */ = {
			isa = XCBuildConfiguration;
			buildSettings = {
				ASSETCATALOG_COMPILER_APPICON_NAME = AppIcon;
				ASSETCATALOG_COMPILER_GLOBAL_ACCENT_COLOR_NAME = AccentColor;
				CODE_SIGN_STYLE = Automatic;
				CURRENT_PROJECT_VERSION = 1;
				DEVELOPMENT_ASSET_PATHS = "\"JournalClubChallenge-1/Preview Content\"";
				DEVELOPMENT_TEAM = 96SB47X67B;
				ENABLE_PREVIEWS = YES;
				GENERATE_INFOPLIST_FILE = YES;
				INFOPLIST_KEY_UIApplicationSceneManifest_Generation = YES;
				INFOPLIST_KEY_UIApplicationSupportsIndirectInputEvents = YES;
				INFOPLIST_KEY_UILaunchScreen_Generation = YES;
				INFOPLIST_KEY_UISupportedInterfaceOrientations_iPad = "UIInterfaceOrientationPortrait UIInterfaceOrientationPortraitUpsideDown UIInterfaceOrientationLandscapeLeft UIInterfaceOrientationLandscapeRight";
				INFOPLIST_KEY_UISupportedInterfaceOrientations_iPhone = "UIInterfaceOrientationPortrait UIInterfaceOrientationLandscapeLeft UIInterfaceOrientationLandscapeRight";
				IPHONEOS_DEPLOYMENT_TARGET = 15.0;
				LD_RUNPATH_SEARCH_PATHS = (
					"$(inherited)",
					"@executable_path/Frameworks",
				);
				MARKETING_VERSION = 1.0;
				PRODUCT_BUNDLE_IDENTIFIER = "com.craun.JournalClubChallenge-1";
				PRODUCT_NAME = "$(TARGET_NAME)";
				SWIFT_EMIT_LOC_STRINGS = YES;
				SWIFT_VERSION = 5.0;
				TARGETED_DEVICE_FAMILY = "1,2";
			};
			name = Release;
		};
		9B58D4D02704CE75009B2E00 /* Debug */ = {
			isa = XCBuildConfiguration;
			buildSettings = {
				ALWAYS_EMBED_SWIFT_STANDARD_LIBRARIES = YES;
				BUNDLE_LOADER = "$(TEST_HOST)";
				CODE_SIGN_STYLE = Automatic;
				CURRENT_PROJECT_VERSION = 1;
				DEVELOPMENT_TEAM = 96SB47X67B;
				GENERATE_INFOPLIST_FILE = YES;
				IPHONEOS_DEPLOYMENT_TARGET = 14.0;
				LD_RUNPATH_SEARCH_PATHS = (
					"$(inherited)",
					"@executable_path/Frameworks",
					"@loader_path/Frameworks",
				);
				MARKETING_VERSION = 1.0;
				PRODUCT_BUNDLE_IDENTIFIER = "com.craun.JournalClubChallenge-1Tests";
				PRODUCT_NAME = "$(TARGET_NAME)";
				SWIFT_EMIT_LOC_STRINGS = NO;
				SWIFT_VERSION = 5.0;
				TARGETED_DEVICE_FAMILY = "1,2";
				TEST_HOST = "$(BUILT_PRODUCTS_DIR)/JournalClubChallenge-1.app/JournalClubChallenge-1";
			};
			name = Debug;
		};
		9B58D4D12704CE75009B2E00 /* Release */ = {
			isa = XCBuildConfiguration;
			buildSettings = {
				ALWAYS_EMBED_SWIFT_STANDARD_LIBRARIES = YES;
				BUNDLE_LOADER = "$(TEST_HOST)";
				CODE_SIGN_STYLE = Automatic;
				CURRENT_PROJECT_VERSION = 1;
				DEVELOPMENT_TEAM = 96SB47X67B;
				GENERATE_INFOPLIST_FILE = YES;
				IPHONEOS_DEPLOYMENT_TARGET = 14.0;
				LD_RUNPATH_SEARCH_PATHS = (
					"$(inherited)",
					"@executable_path/Frameworks",
					"@loader_path/Frameworks",
				);
				MARKETING_VERSION = 1.0;
				PRODUCT_BUNDLE_IDENTIFIER = "com.craun.JournalClubChallenge-1Tests";
				PRODUCT_NAME = "$(TARGET_NAME)";
				SWIFT_EMIT_LOC_STRINGS = NO;
				SWIFT_VERSION = 5.0;
				TARGETED_DEVICE_FAMILY = "1,2";
				TEST_HOST = "$(BUILT_PRODUCTS_DIR)/JournalClubChallenge-1.app/JournalClubChallenge-1";
			};
			name = Release;
		};
		9B58D4D32704CE75009B2E00 /* Debug */ = {
			isa = XCBuildConfiguration;
			buildSettings = {
				ALWAYS_EMBED_SWIFT_STANDARD_LIBRARIES = YES;
				CODE_SIGN_STYLE = Automatic;
				CURRENT_PROJECT_VERSION = 1;
				DEVELOPMENT_TEAM = 96SB47X67B;
				GENERATE_INFOPLIST_FILE = YES;
				LD_RUNPATH_SEARCH_PATHS = (
					"$(inherited)",
					"@executable_path/Frameworks",
					"@loader_path/Frameworks",
				);
				MARKETING_VERSION = 1.0;
				PRODUCT_BUNDLE_IDENTIFIER = "com.craun.JournalClubChallenge-1UITests";
				PRODUCT_NAME = "$(TARGET_NAME)";
				SWIFT_EMIT_LOC_STRINGS = NO;
				SWIFT_VERSION = 5.0;
				TARGETED_DEVICE_FAMILY = "1,2";
				TEST_TARGET_NAME = "JournalClubChallenge-1";
			};
			name = Debug;
		};
		9B58D4D42704CE75009B2E00 /* Release */ = {
			isa = XCBuildConfiguration;
			buildSettings = {
				ALWAYS_EMBED_SWIFT_STANDARD_LIBRARIES = YES;
				CODE_SIGN_STYLE = Automatic;
				CURRENT_PROJECT_VERSION = 1;
				DEVELOPMENT_TEAM = 96SB47X67B;
				GENERATE_INFOPLIST_FILE = YES;
				LD_RUNPATH_SEARCH_PATHS = (
					"$(inherited)",
					"@executable_path/Frameworks",
					"@loader_path/Frameworks",
				);
				MARKETING_VERSION = 1.0;
				PRODUCT_BUNDLE_IDENTIFIER = "com.craun.JournalClubChallenge-1UITests";
				PRODUCT_NAME = "$(TARGET_NAME)";
				SWIFT_EMIT_LOC_STRINGS = NO;
				SWIFT_VERSION = 5.0;
				TARGETED_DEVICE_FAMILY = "1,2";
				TEST_TARGET_NAME = "JournalClubChallenge-1";
			};
			name = Release;
		};
/* End XCBuildConfiguration section */

/* Begin XCConfigurationList section */
		9B58D4A32704CE72009B2E00 /* Build configuration list for PBXProject "JournalClubChallenge-1" */ = {
			isa = XCConfigurationList;
			buildConfigurations = (
				9B58D4CA2704CE75009B2E00 /* Debug */,
				9B58D4CB2704CE75009B2E00 /* Release */,
			);
			defaultConfigurationIsVisible = 0;
			defaultConfigurationName = Release;
		};
		9B58D4CC2704CE75009B2E00 /* Build configuration list for PBXNativeTarget "JournalClubChallenge-1" */ = {
			isa = XCConfigurationList;
			buildConfigurations = (
				9B58D4CD2704CE75009B2E00 /* Debug */,
				9B58D4CE2704CE75009B2E00 /* Release */,
			);
			defaultConfigurationIsVisible = 0;
			defaultConfigurationName = Release;
		};
		9B58D4CF2704CE75009B2E00 /* Build configuration list for PBXNativeTarget "JournalClubChallenge-1Tests" */ = {
			isa = XCConfigurationList;
			buildConfigurations = (
				9B58D4D02704CE75009B2E00 /* Debug */,
				9B58D4D12704CE75009B2E00 /* Release */,
			);
			defaultConfigurationIsVisible = 0;
			defaultConfigurationName = Release;
		};
		9B58D4D22704CE75009B2E00 /* Build configuration list for PBXNativeTarget "JournalClubChallenge-1UITests" */ = {
			isa = XCConfigurationList;
			buildConfigurations = (
				9B58D4D32704CE75009B2E00 /* Debug */,
				9B58D4D42704CE75009B2E00 /* Release */,
			);
			defaultConfigurationIsVisible = 0;
			defaultConfigurationName = Release;
		};
/* End XCConfigurationList section */
	};
	rootObject = 9B58D4A02704CE72009B2E00 /* Project object */;
}
